
Microsoft Visual Studio Solution File, Format Version 12.00
# Visual Studio Version 16
VisualStudioVersion = 16.0.28803.352
MinimumVisualStudioVersion = 10.0.40219.1
Project("{FAE04EC0-301F-11D3-BF4B-00C04F79EFBC}") = "XamKey.Android", "XamKey\XamKey.Android\XamKey.Android.csproj", "{5EBBF2DF-1B39-4940-9326-C379FDAEA2E8}"
EndProject
Project("{FAE04EC0-301F-11D3-BF4B-00C04F79EFBC}") = "XamKey.iOS", "XamKey\XamKey.iOS\XamKey.iOS.csproj", "{1AA3704D-764E-4A43-8723-3EB17BC839CF}"
EndProject
Project("{FAE04EC0-301F-11D3-BF4B-00C04F79EFBC}") = "XamKey", "XamKey\XamKey\XamKey.csproj", "{FA0C6C47-3B57-422B-8F99-1F4BB0039A14}"
EndProject
Global
	GlobalSection(SolutionConfigurationPlatforms) = preSolution
		Debug|Any CPU = Debug|Any CPU
		Debug|iPhone = Debug|iPhone
		Debug|iPhoneSimulator = Debug|iPhoneSimulator
		Release|Any CPU = Release|Any CPU
		Release|iPhone = Release|iPhone
		Release|iPhoneSimulator = Release|iPhoneSimulator
	EndGlobalSection
	GlobalSection(ProjectConfigurationPlatforms) = postSolution
		{5EBBF2DF-1B39-4940-9326-C379FDAEA2E8}.Debug|Any CPU.ActiveCfg = Debug|Any CPU
		{5EBBF2DF-1B39-4940-9326-C379FDAEA2E8}.Debug|Any CPU.Build.0 = Debug|Any CPU
		{5EBBF2DF-1B39-4940-9326-C379FDAEA2E8}.Debug|Any CPU.Deploy.0 = Debug|Any CPU
		{5EBBF2DF-1B39-4940-9326-C379FDAEA2E8}.Debug|iPhone.ActiveCfg = Debug|Any CPU
		{5EBBF2DF-1B39-4940-9326-C379FDAEA2E8}.Debug|iPhone.Build.0 = Debug|Any CPU
		{5EBBF2DF-1B39-4940-9326-C379FDAEA2E8}.Debug|iPhone.Deploy.0 = Debug|Any CPU
		{5EBBF2DF-1B39-4940-9326-C379FDAEA2E8}.Debug|iPhoneSimulator.ActiveCfg = Debug|Any CPU
		{5EBBF2DF-1B39-4940-9326-C379FDAEA2E8}.Debug|iPhoneSimulator.Build.0 = Debug|Any CPU
		{5EBBF2DF-1B39-4940-9326-C379FDAEA2E8}.Debug|iPhoneSimulator.Deploy.0 = Debug|Any CPU
		{5EBBF2DF-1B39-4940-9326-C379FDAEA2E8}.Release|Any CPU.ActiveCfg = Release|Any CPU
		{5EBBF2DF-1B39-4940-9326-C379FDAEA2E8}.Release|Any CPU.Build.0 = Release|Any CPU
		{5EBBF2DF-1B39-4940-9326-C379FDAEA2E8}.Release|Any CPU.Deploy.0 = Release|Any CPU
		{5EBBF2DF-1B39-4940-9326-C379FDAEA2E8}.Release|iPhone.ActiveCfg = Release|Any CPU
		{5EBBF2DF-1B39-4940-9326-C379FDAEA2E8}.Release|iPhone.Build.0 = Release|Any CPU
		{5EBBF2DF-1B39-4940-9326-C379FDAEA2E8}.Release|iPhone.Deploy.0 = Release|Any CPU
		{5EBBF2DF-1B39-4940-9326-C379FDAEA2E8}.Release|iPhoneSimulator.ActiveCfg = Release|Any CPU
		{5EBBF2DF-1B39-4940-9326-C379FDAEA2E8}.Release|iPhoneSimulator.Build.0 = Release|Any CPU
		{5EBBF2DF-1B39-4940-9326-C379FDAEA2E8}.Release|iPhoneSimulator.Deploy.0 = Release|Any CPU
		{1AA3704D-764E-4A43-8723-3EB17BC839CF}.Debug|Any CPU.ActiveCfg = Debug|iPhoneSimulator
		{1AA3704D-764E-4A43-8723-3EB17BC839CF}.Debug|Any CPU.Build.0 = Debug|iPhoneSimulator
		{1AA3704D-764E-4A43-8723-3EB17BC839CF}.Debug|Any CPU.Deploy.0 = Debug|iPhoneSimulator
		{1AA3704D-764E-4A43-8723-3EB17BC839CF}.Debug|iPhone.ActiveCfg = Debug|iPhone
		{1AA3704D-764E-4A43-8723-3EB17BC839CF}.Debug|iPhone.Build.0 = Debug|iPhone
		{1AA3704D-764E-4A43-8723-3EB17BC839CF}.Debug|iPhone.Deploy.0 = Debug|iPhone
		{1AA3704D-764E-4A43-8723-3EB17BC839CF}.Debug|iPhoneSimulator.ActiveCfg = Debug|iPhoneSimulator
		{1AA3704D-764E-4A43-8723-3EB17BC839CF}.Debug|iPhoneSimulator.Build.0 = Debug|iPhoneSimulator
		{1AA3704D-764E-4A43-8723-3EB17BC839CF}.Debug|iPhoneSimulator.Deploy.0 = Debug|iPhoneSimulator
		{1AA3704D-764E-4A43-8723-3EB17BC839CF}.Release|Any CPU.ActiveCfg = Release|iPhone
		{1AA3704D-764E-4A43-8723-3EB17BC839CF}.Release|Any CPU.Build.0 = Release|iPhone
		{1AA3704D-764E-4A43-8723-3EB17BC839CF}.Release|Any CPU.Deploy.0 = Release|iPhone
		{1AA3704D-764E-4A43-8723-3EB17BC839CF}.Release|iPhone.ActiveCfg = Release|iPhone
		{1AA3704D-764E-4A43-8723-3EB17BC839CF}.Release|iPhone.Build.0 = Release|iPhone
		{1AA3704D-764E-4A43-8723-3EB17BC839CF}.Release|iPhone.Deploy.0 = Release|iPhone
		{1AA3704D-764E-4A43-8723-3EB17BC839CF}.Release|iPhoneSimulator.ActiveCfg = Release|iPhoneSimulator
		{1AA3704D-764E-4A43-8723-3EB17BC839CF}.Release|iPhoneSimulator.Build.0 = Release|iPhoneSimulator
		{1AA3704D-764E-4A43-8723-3EB17BC839CF}.Release|iPhoneSimulator.Deploy.0 = Release|iPhoneSimulator
		{FA0C6C47-3B57-422B-8F99-1F4BB0039A14}.Debug|Any CPU.ActiveCfg = Debug|Any CPU
		{FA0C6C47-3B57-422B-8F99-1F4BB0039A14}.Debug|Any CPU.Build.0 = Debug|Any CPU
		{FA0C6C47-3B57-422B-8F99-1F4BB0039A14}.Debug|Any CPU.Deploy.0 = Debug|Any CPU
		{FA0C6C47-3B57-422B-8F99-1F4BB0039A14}.Debug|iPhone.ActiveCfg = Debug|Any CPU
		{FA0C6C47-3B57-422B-8F99-1F4BB0039A14}.Debug|iPhone.Build.0 = Debug|Any CPU
		{FA0C6C47-3B57-422B-8F99-1F4BB0039A14}.Debug|iPhone.Deploy.0 = Debug|Any CPU
		{FA0C6C47-3B57-422B-8F99-1F4BB0039A14}.Debug|iPhoneSimulator.ActiveCfg = Debug|Any CPU
		{FA0C6C47-3B57-422B-8F99-1F4BB0039A14}.Debug|iPhoneSimulator.Build.0 = Debug|Any CPU
		{FA0C6C47-3B57-422B-8F99-1F4BB0039A14}.Debug|iPhoneSimulator.Deploy.0 = Debug|Any CPU
		{FA0C6C47-3B57-422B-8F99-1F4BB0039A14}.Release|Any CPU.ActiveCfg = Release|Any CPU
		{FA0C6C47-3B57-422B-8F99-1F4BB0039A14}.Release|Any CPU.Build.0 = Release|Any CPU
		{FA0C6C47-3B57-422B-8F99-1F4BB0039A14}.Release|Any CPU.Deploy.0 = Release|Any CPU
		{FA0C6C47-3B57-422B-8F99-1F4BB0039A14}.Release|iPhone.ActiveCfg = Release|Any CPU
		{FA0C6C47-3B57-422B-8F99-1F4BB0039A14}.Release|iPhone.Build.0 = Release|Any CPU
		{FA0C6C47-3B57-422B-8F99-1F4BB0039A14}.Release|iPhone.Deploy.0 = Release|Any CPU
		{FA0C6C47-3B57-422B-8F99-1F4BB0039A14}.Release|iPhoneSimulator.ActiveCfg = Release|Any CPU
		{FA0C6C47-3B57-422B-8F99-1F4BB0039A14}.Release|iPhoneSimulator.Build.0 = Release|Any CPU
		{FA0C6C47-3B57-422B-8F99-1F4BB0039A14}.Release|iPhoneSimulator.Deploy.0 = Release|Any CPU
	EndGlobalSection
	GlobalSection(SolutionProperties) = preSolution
		HideSolutionNode = FALSE
	EndGlobalSection
	GlobalSection(ExtensibilityGlobals) = postSolution
		SolutionGuid = {54689788-F539-4930-85A3-73D20329FFD1}
	EndGlobalSection
EndGlobal
